
Microsoft Visual Studio Solution File, Format Version 12.00
# Visual Studio Version 17
VisualStudioVersion = 17.11.35312.102
MinimumVisualStudioVersion = 10.0.40219.1
Project("{FAE04EC0-301F-11D3-BF4B-00C04F79EFBC}") = "OpenGL Lab 2", "OpenGL Lab 2\OpenGL Lab 2.csproj", "{EF8641DC-4502-414F-BEF6-51F620D1B915}"
EndProject
Global
	GlobalSection(SolutionConfigurationPlatforms) = preSolution
		Debug|Any CPU = Debug|Any CPU
		Release|Any CPU = Release|Any CPU
	EndGlobalSection
	GlobalSection(ProjectConfigurationPlatforms) = postSolution
		{EF8641DC-4502-414F-BEF6-51F620D1B915}.Debug|Any CPU.ActiveCfg = Debug|Any CPU
		{EF8641DC-4502-414F-BEF6-51F620D1B915}.Debug|Any CPU.Build.0 = Debug|Any CPU
		{EF8641DC-4502-414F-BEF6-51F620D1B915}.Release|Any CPU.ActiveCfg = Release|Any CPU
		{EF8641DC-4502-414F-BEF6-51F620D1B915}.Release|Any CPU.Build.0 = Release|Any CPU
	EndGlobalSection
	GlobalSection(SolutionProperties) = preSolution
		HideSolutionNode = FALSE
	EndGlobalSection
	GlobalSection(ExtensibilityGlobals) = postSolution
		SolutionGuid = {B9023E0A-513A-4EF0-BECC-E7C1AA118FB9}
	EndGlobalSection
EndGlobal
